
Microsoft Visual Studio Solution File, Format Version 12.00
# Visual Studio Version 17
VisualStudioVersion = 17.0.31903.59
MinimumVisualStudioVersion = 10.0.40219.1
Project("{2150E333-8FDC-42A3-9474-1A3956D46DE8}") = "src", "src", "{827E0CD3-B72D-47B6-A68D-7590B98EB39B}"
EndProject
Project("{2150E333-8FDC-42A3-9474-1A3956D46DE8}") = "backend", "backend", "{FE360695-3F2B-1049-3887-35FBB5135923}"
EndProject
Project("{2150E333-8FDC-42A3-9474-1A3956D46DE8}") = "Aspire", "Aspire", "{E05BBDDB-9503-E85A-2527-9DD5469381F0}"
EndProject
Project("{2150E333-8FDC-42A3-9474-1A3956D46DE8}") = "Services", "Services", "{EA8B51A1-2815-D7EB-83DD-84035FEA831A}"
EndProject
Project("{2150E333-8FDC-42A3-9474-1A3956D46DE8}") = "Board", "Board", "{CDDC6496-E5D0-E8E2-DEA9-E985A3096AD1}"
EndProject
Project("{FAE04EC0-301F-11D3-BF4B-00C04F79EFBC}") = "Board.Api", "src\backend\Services\Board\Board.Api\Board.Api.csproj", "{57672232-B250-4B23-8E3D-E008E35C28FB}"
EndProject
Project("{FAE04EC0-301F-11D3-BF4B-00C04F79EFBC}") = "Board.Application", "src\backend\Services\Board\Board.Application\Board.Application.csproj", "{31840E9D-9A4A-4D89-A557-439E12C4F16E}"
EndProject
Project("{FAE04EC0-301F-11D3-BF4B-00C04F79EFBC}") = "Board.Domain", "src\backend\Services\Board\Board.Domain\Board.Domain.csproj", "{1FE39BDE-C430-431F-B840-136585A2DE03}"
EndProject
Project("{FAE04EC0-301F-11D3-BF4B-00C04F79EFBC}") = "Board.Infrastructure", "src\backend\Services\Board\Board.Infrastructure\Board.Infrastructure.csproj", "{EB52CE22-FAE3-489D-B8D0-DBFBB16CAA5D}"
EndProject
Project("{2150E333-8FDC-42A3-9474-1A3956D46DE8}") = "frontend", "frontend", "{42299874-777B-F2D0-9D08-D24097ABCE7E}"
EndProject
Project("{FAE04EC0-301F-11D3-BF4B-00C04F79EFBC}") = "Board.Web", "src\frontend\Board.Web\Board.Web.csproj", "{85C8ED27-AC17-4594-9390-78C65B7E0836}"
EndProject
Project("{FAE04EC0-301F-11D3-BF4B-00C04F79EFBC}") = "Board.AppHost", "src\backend\Aspire\Board.AppHost\Board.AppHost.csproj", "{290E13BA-9A49-4860-A136-2A7B55778866}"
EndProject
Project("{FAE04EC0-301F-11D3-BF4B-00C04F79EFBC}") = "Board.ServiceDefaults", "src\backend\Aspire\Board.ServiceDefaults\Board.ServiceDefaults.csproj", "{600B1C47-30B7-480F-8CF0-11A4D0DEBD84}"
EndProject
Project("{2150E333-8FDC-42A3-9474-1A3956D46DE8}") = "Migrators", "Migrators", "{5988EA63-0AF0-4267-AD57-3DC39682A31E}"
EndProject
Project("{FAE04EC0-301F-11D3-BF4B-00C04F79EFBC}") = "BoardDb.MigrationService", "src\backend\Services\Migrators\BoardDb.MigrationService\BoardDb.MigrationService.csproj", "{925FE9A3-CD8F-3294-61CD-C4B243C7944B}"
EndProject
Project("{2150E333-8FDC-42A3-9474-1A3956D46DE8}") = "solution items", "solution items", "{02EA681E-C7D8-13C7-8484-4AC65E1B71E8}"
	ProjectSection(SolutionItems) = preProject
		compose.yml = compose.yml
	EndProjectSection
EndProject
Global
	GlobalSection(SolutionConfigurationPlatforms) = preSolution
		Debug|Any CPU = Debug|Any CPU
		Debug|x64 = Debug|x64
		Debug|x86 = Debug|x86
		Release|Any CPU = Release|Any CPU
		Release|x64 = Release|x64
		Release|x86 = Release|x86
	EndGlobalSection
	GlobalSection(ProjectConfigurationPlatforms) = postSolution
		{57672232-B250-4B23-8E3D-E008E35C28FB}.Debug|Any CPU.ActiveCfg = Debug|Any CPU
		{57672232-B250-4B23-8E3D-E008E35C28FB}.Debug|Any CPU.Build.0 = Debug|Any CPU
		{57672232-B250-4B23-8E3D-E008E35C28FB}.Debug|x64.ActiveCfg = Debug|Any CPU
		{57672232-B250-4B23-8E3D-E008E35C28FB}.Debug|x64.Build.0 = Debug|Any CPU
		{57672232-B250-4B23-8E3D-E008E35C28FB}.Debug|x86.ActiveCfg = Debug|Any CPU
		{57672232-B250-4B23-8E3D-E008E35C28FB}.Debug|x86.Build.0 = Debug|Any CPU
		{57672232-B250-4B23-8E3D-E008E35C28FB}.Release|Any CPU.ActiveCfg = Release|Any CPU
		{57672232-B250-4B23-8E3D-E008E35C28FB}.Release|Any CPU.Build.0 = Release|Any CPU
		{57672232-B250-4B23-8E3D-E008E35C28FB}.Release|x64.ActiveCfg = Release|Any CPU
		{57672232-B250-4B23-8E3D-E008E35C28FB}.Release|x64.Build.0 = Release|Any CPU
		{57672232-B250-4B23-8E3D-E008E35C28FB}.Release|x86.ActiveCfg = Release|Any CPU
		{57672232-B250-4B23-8E3D-E008E35C28FB}.Release|x86.Build.0 = Release|Any CPU
		{31840E9D-9A4A-4D89-A557-439E12C4F16E}.Debug|Any CPU.ActiveCfg = Debug|Any CPU
		{31840E9D-9A4A-4D89-A557-439E12C4F16E}.Debug|Any CPU.Build.0 = Debug|Any CPU
		{31840E9D-9A4A-4D89-A557-439E12C4F16E}.Debug|x64.ActiveCfg = Debug|Any CPU
		{31840E9D-9A4A-4D89-A557-439E12C4F16E}.Debug|x64.Build.0 = Debug|Any CPU
		{31840E9D-9A4A-4D89-A557-439E12C4F16E}.Debug|x86.ActiveCfg = Debug|Any CPU
		{31840E9D-9A4A-4D89-A557-439E12C4F16E}.Debug|x86.Build.0 = Debug|Any CPU
		{31840E9D-9A4A-4D89-A557-439E12C4F16E}.Release|Any CPU.ActiveCfg = Release|Any CPU
		{31840E9D-9A4A-4D89-A557-439E12C4F16E}.Release|Any CPU.Build.0 = Release|Any CPU
		{31840E9D-9A4A-4D89-A557-439E12C4F16E}.Release|x64.ActiveCfg = Release|Any CPU
		{31840E9D-9A4A-4D89-A557-439E12C4F16E}.Release|x64.Build.0 = Release|Any CPU
		{31840E9D-9A4A-4D89-A557-439E12C4F16E}.Release|x86.ActiveCfg = Release|Any CPU
		{31840E9D-9A4A-4D89-A557-439E12C4F16E}.Release|x86.Build.0 = Release|Any CPU
		{1FE39BDE-C430-431F-B840-136585A2DE03}.Debug|Any CPU.ActiveCfg = Debug|Any CPU
		{1FE39BDE-C430-431F-B840-136585A2DE03}.Debug|Any CPU.Build.0 = Debug|Any CPU
		{1FE39BDE-C430-431F-B840-136585A2DE03}.Debug|x64.ActiveCfg = Debug|Any CPU
		{1FE39BDE-C430-431F-B840-136585A2DE03}.Debug|x64.Build.0 = Debug|Any CPU
		{1FE39BDE-C430-431F-B840-136585A2DE03}.Debug|x86.ActiveCfg = Debug|Any CPU
		{1FE39BDE-C430-431F-B840-136585A2DE03}.Debug|x86.Build.0 = Debug|Any CPU
		{1FE39BDE-C430-431F-B840-136585A2DE03}.Release|Any CPU.ActiveCfg = Release|Any CPU
		{1FE39BDE-C430-431F-B840-136585A2DE03}.Release|Any CPU.Build.0 = Release|Any CPU
		{1FE39BDE-C430-431F-B840-136585A2DE03}.Release|x64.ActiveCfg = Release|Any CPU
		{1FE39BDE-C430-431F-B840-136585A2DE03}.Release|x64.Build.0 = Release|Any CPU
		{1FE39BDE-C430-431F-B840-136585A2DE03}.Release|x86.ActiveCfg = Release|Any CPU
		{1FE39BDE-C430-431F-B840-136585A2DE03}.Release|x86.Build.0 = Release|Any CPU
		{EB52CE22-FAE3-489D-B8D0-DBFBB16CAA5D}.Debug|Any CPU.ActiveCfg = Debug|Any CPU
		{EB52CE22-FAE3-489D-B8D0-DBFBB16CAA5D}.Debug|Any CPU.Build.0 = Debug|Any CPU
		{EB52CE22-FAE3-489D-B8D0-DBFBB16CAA5D}.Debug|x64.ActiveCfg = Debug|Any CPU
		{EB52CE22-FAE3-489D-B8D0-DBFBB16CAA5D}.Debug|x64.Build.0 = Debug|Any CPU
		{EB52CE22-FAE3-489D-B8D0-DBFBB16CAA5D}.Debug|x86.ActiveCfg = Debug|Any CPU
		{EB52CE22-FAE3-489D-B8D0-DBFBB16CAA5D}.Debug|x86.Build.0 = Debug|Any CPU
		{EB52CE22-FAE3-489D-B8D0-DBFBB16CAA5D}.Release|Any CPU.ActiveCfg = Release|Any CPU
		{EB52CE22-FAE3-489D-B8D0-DBFBB16CAA5D}.Release|Any CPU.Build.0 = Release|Any CPU
		{EB52CE22-FAE3-489D-B8D0-DBFBB16CAA5D}.Release|x64.ActiveCfg = Release|Any CPU
		{EB52CE22-FAE3-489D-B8D0-DBFBB16CAA5D}.Release|x64.Build.0 = Release|Any CPU
		{EB52CE22-FAE3-489D-B8D0-DBFBB16CAA5D}.Release|x86.ActiveCfg = Release|Any CPU
		{EB52CE22-FAE3-489D-B8D0-DBFBB16CAA5D}.Release|x86.Build.0 = Release|Any CPU
		{85C8ED27-AC17-4594-9390-78C65B7E0836}.Debug|Any CPU.ActiveCfg = Debug|Any CPU
		{85C8ED27-AC17-4594-9390-78C65B7E0836}.Debug|Any CPU.Build.0 = Debug|Any CPU
		{85C8ED27-AC17-4594-9390-78C65B7E0836}.Debug|x64.ActiveCfg = Debug|Any CPU
		{85C8ED27-AC17-4594-9390-78C65B7E0836}.Debug|x64.Build.0 = Debug|Any CPU
		{85C8ED27-AC17-4594-9390-78C65B7E0836}.Debug|x86.ActiveCfg = Debug|Any CPU
		{85C8ED27-AC17-4594-9390-78C65B7E0836}.Debug|x86.Build.0 = Debug|Any CPU
		{85C8ED27-AC17-4594-9390-78C65B7E0836}.Release|Any CPU.ActiveCfg = Release|Any CPU
		{85C8ED27-AC17-4594-9390-78C65B7E0836}.Release|Any CPU.Build.0 = Release|Any CPU
		{85C8ED27-AC17-4594-9390-78C65B7E0836}.Release|x64.ActiveCfg = Release|Any CPU
		{85C8ED27-AC17-4594-9390-78C65B7E0836}.Release|x64.Build.0 = Release|Any CPU
		{85C8ED27-AC17-4594-9390-78C65B7E0836}.Release|x86.ActiveCfg = Release|Any CPU
		{85C8ED27-AC17-4594-9390-78C65B7E0836}.Release|x86.Build.0 = Release|Any CPU
		{290E13BA-9A49-4860-A136-2A7B55778866}.Debug|Any CPU.ActiveCfg = Debug|Any CPU
		{290E13BA-9A49-4860-A136-2A7B55778866}.Debug|Any CPU.Build.0 = Debug|Any CPU
		{290E13BA-9A49-4860-A136-2A7B55778866}.Debug|x64.ActiveCfg = Debug|Any CPU
		{290E13BA-9A49-4860-A136-2A7B55778866}.Debug|x64.Build.0 = Debug|Any CPU
		{290E13BA-9A49-4860-A136-2A7B55778866}.Debug|x86.ActiveCfg = Debug|Any CPU
		{290E13BA-9A49-4860-A136-2A7B55778866}.Debug|x86.Build.0 = Debug|Any CPU
		{290E13BA-9A49-4860-A136-2A7B55778866}.Release|Any CPU.ActiveCfg = Release|Any CPU
		{290E13BA-9A49-4860-A136-2A7B55778866}.Release|Any CPU.Build.0 = Release|Any CPU
		{290E13BA-9A49-4860-A136-2A7B55778866}.Release|x64.ActiveCfg = Release|Any CPU
		{290E13BA-9A49-4860-A136-2A7B55778866}.Release|x64.Build.0 = Release|Any CPU
		{290E13BA-9A49-4860-A136-2A7B55778866}.Release|x86.ActiveCfg = Release|Any CPU
		{290E13BA-9A49-4860-A136-2A7B55778866}.Release|x86.Build.0 = Release|Any CPU
		{600B1C47-30B7-480F-8CF0-11A4D0DEBD84}.Debug|Any CPU.ActiveCfg = Debug|Any CPU
		{600B1C47-30B7-480F-8CF0-11A4D0DEBD84}.Debug|Any CPU.Build.0 = Debug|Any CPU
		{600B1C47-30B7-480F-8CF0-11A4D0DEBD84}.Debug|x64.ActiveCfg = Debug|Any CPU
		{600B1C47-30B7-480F-8CF0-11A4D0DEBD84}.Debug|x64.Build.0 = Debug|Any CPU
		{600B1C47-30B7-480F-8CF0-11A4D0DEBD84}.Debug|x86.ActiveCfg = Debug|Any CPU
		{600B1C47-30B7-480F-8CF0-11A4D0DEBD84}.Debug|x86.Build.0 = Debug|Any CPU
		{600B1C47-30B7-480F-8CF0-11A4D0DEBD84}.Release|Any CPU.ActiveCfg = Release|Any CPU
		{600B1C47-30B7-480F-8CF0-11A4D0DEBD84}.Release|Any CPU.Build.0 = Release|Any CPU
		{600B1C47-30B7-480F-8CF0-11A4D0DEBD84}.Release|x64.ActiveCfg = Release|Any CPU
		{600B1C47-30B7-480F-8CF0-11A4D0DEBD84}.Release|x64.Build.0 = Release|Any CPU
		{600B1C47-30B7-480F-8CF0-11A4D0DEBD84}.Release|x86.ActiveCfg = Release|Any CPU
		{600B1C47-30B7-480F-8CF0-11A4D0DEBD84}.Release|x86.Build.0 = Release|Any CPU
		{925FE9A3-CD8F-3294-61CD-C4B243C7944B}.Debug|Any CPU.ActiveCfg = Debug|Any CPU
		{925FE9A3-CD8F-3294-61CD-C4B243C7944B}.Debug|Any CPU.Build.0 = Debug|Any CPU
		{925FE9A3-CD8F-3294-61CD-C4B243C7944B}.Debug|x64.ActiveCfg = Debug|Any CPU
		{925FE9A3-CD8F-3294-61CD-C4B243C7944B}.Debug|x64.Build.0 = Debug|Any CPU
		{925FE9A3-CD8F-3294-61CD-C4B243C7944B}.Debug|x86.ActiveCfg = Debug|Any CPU
		{925FE9A3-CD8F-3294-61CD-C4B243C7944B}.Debug|x86.Build.0 = Debug|Any CPU
		{925FE9A3-CD8F-3294-61CD-C4B243C7944B}.Release|Any CPU.ActiveCfg = Release|Any CPU
		{925FE9A3-CD8F-3294-61CD-C4B243C7944B}.Release|Any CPU.Build.0 = Release|Any CPU
		{925FE9A3-CD8F-3294-61CD-C4B243C7944B}.Release|x64.ActiveCfg = Release|Any CPU
		{925FE9A3-CD8F-3294-61CD-C4B243C7944B}.Release|x64.Build.0 = Release|Any CPU
		{925FE9A3-CD8F-3294-61CD-C4B243C7944B}.Release|x86.ActiveCfg = Release|Any CPU
		{925FE9A3-CD8F-3294-61CD-C4B243C7944B}.Release|x86.Build.0 = Release|Any CPU
	EndGlobalSection
	GlobalSection(SolutionProperties) = preSolution
		HideSolutionNode = FALSE
	EndGlobalSection
	GlobalSection(NestedProjects) = preSolution
		{FE360695-3F2B-1049-3887-35FBB5135923} = {827E0CD3-B72D-47B6-A68D-7590B98EB39B}
		{E05BBDDB-9503-E85A-2527-9DD5469381F0} = {FE360695-3F2B-1049-3887-35FBB5135923}
		{EA8B51A1-2815-D7EB-83DD-84035FEA831A} = {FE360695-3F2B-1049-3887-35FBB5135923}
		{CDDC6496-E5D0-E8E2-DEA9-E985A3096AD1} = {EA8B51A1-2815-D7EB-83DD-84035FEA831A}
		{57672232-B250-4B23-8E3D-E008E35C28FB} = {CDDC6496-E5D0-E8E2-DEA9-E985A3096AD1}
		{31840E9D-9A4A-4D89-A557-439E12C4F16E} = {CDDC6496-E5D0-E8E2-DEA9-E985A3096AD1}
		{1FE39BDE-C430-431F-B840-136585A2DE03} = {CDDC6496-E5D0-E8E2-DEA9-E985A3096AD1}
		{EB52CE22-FAE3-489D-B8D0-DBFBB16CAA5D} = {CDDC6496-E5D0-E8E2-DEA9-E985A3096AD1}
		{42299874-777B-F2D0-9D08-D24097ABCE7E} = {827E0CD3-B72D-47B6-A68D-7590B98EB39B}
		{85C8ED27-AC17-4594-9390-78C65B7E0836} = {42299874-777B-F2D0-9D08-D24097ABCE7E}
		{290E13BA-9A49-4860-A136-2A7B55778866} = {E05BBDDB-9503-E85A-2527-9DD5469381F0}
		{600B1C47-30B7-480F-8CF0-11A4D0DEBD84} = {E05BBDDB-9503-E85A-2527-9DD5469381F0}
		{5988EA63-0AF0-4267-AD57-3DC39682A31E} = {EA8B51A1-2815-D7EB-83DD-84035FEA831A}
		{925FE9A3-CD8F-3294-61CD-C4B243C7944B} = {5988EA63-0AF0-4267-AD57-3DC39682A31E}
		{02EA681E-C7D8-13C7-8484-4AC65E1B71E8} = {827E0CD3-B72D-47B6-A68D-7590B98EB39B}
	EndGlobalSection
	GlobalSection(ExtensibilityGlobals) = postSolution
		SolutionGuid = {58E771CE-94DA-46CB-9316-0E16AF7CADFB}
	EndGlobalSection
EndGlobal
